# This file is generated by running "yarn install" inside your project.
# Manual changes might be lost - proceed with caution!

__metadata:
  version: 4
  cacheKey: 8

"@babel/runtime@npm:^7.0.0, @babel/runtime@npm:^7.1.2, @babel/runtime@npm:^7.12.1, @babel/runtime@npm:^7.12.13":
  version: 7.15.4
  resolution: "@babel/runtime@npm:7.15.4"
  dependencies:
    regenerator-runtime: ^0.13.4
  checksum: c40825430400e47c19b97e4142d5315d2910305b9714d44a711472587ee2fd4521fdba5f02ddd9df3902f5e988d9854fa83f4da1e0c091f70f6983fa52480606
  languageName: node
  linkType: hard

"@types/json-schema@npm:^7.0.8":
  version: 7.0.9
  resolution: "@types/json-schema@npm:7.0.9"
  checksum: 259d0e25f11a21ba5c708f7ea47196bd396e379fddb79c76f9f4f62c945879dc21657904914313ec2754e443c5018ea8372362f323f30e0792897fdb2098a705
  languageName: node
  linkType: hard

"ajv-keywords@npm:^3.5.2":
  version: 3.5.2
  resolution: "ajv-keywords@npm:3.5.2"
  peerDependencies:
    ajv: ^6.9.1
  checksum: 7dc5e5931677a680589050f79dcbe1fefbb8fea38a955af03724229139175b433c63c68f7ae5f86cf8f65d55eb7c25f75a046723e2e58296707617ca690feae9
  languageName: node
  linkType: hard

"ajv@npm:^6.12.5":
  version: 6.12.6
  resolution: "ajv@npm:6.12.6"
  dependencies:
    fast-deep-equal: ^3.1.1
    fast-json-stable-stringify: ^2.0.0
    json-schema-traverse: ^0.4.1
    uri-js: ^4.2.2
  checksum: 874972efe5c4202ab0a68379481fbd3d1b5d0a7bd6d3cc21d40d3536ebff3352a2a1fabb632d4fd2cc7fe4cbdcd5ed6782084c9bbf7f32a1536d18f9da5007d4
  languageName: node
  linkType: hard

"big.js@npm:^5.2.2":
  version: 5.2.2
  resolution: "big.js@npm:5.2.2"
  checksum: b89b6e8419b097a8fb4ed2399a1931a68c612bce3cfd5ca8c214b2d017531191070f990598de2fc6f3f993d91c0f08aa82697717f6b3b8732c9731866d233c9e
  languageName: node
  linkType: hard

"bootstrap@npm:^5.1.1":
  version: 5.1.1
  resolution: "bootstrap@npm:5.1.1"
  peerDependencies:
    "@popperjs/core": ^2.10.1
  checksum: 6429293514bcaaf0072568ec7851a58179c582a966109a55176afd29c03fc502eade0fdc2c46ea49efb24bf111a161c8735e80f3162f6455b81225720c6b556f
  languageName: node
  linkType: hard

"cors@npm:^2.8.5":
  version: 2.8.5
  resolution: "cors@npm:2.8.5"
  dependencies:
    object-assign: ^4
    vary: ^1
  checksum: ced838404ccd184f61ab4fdc5847035b681c90db7ac17e428f3d81d69e2989d2b680cc254da0e2554f5ed4f8a341820a1ce3d1c16b499f6e2f47a1b9b07b5006
  languageName: node
  linkType: hard

"emojis-list@npm:^3.0.0":
  version: 3.0.0
  resolution: "emojis-list@npm:3.0.0"
  checksum: ddaaa02542e1e9436c03970eeed445f4ed29a5337dfba0fe0c38dfdd2af5da2429c2a0821304e8a8d1cadf27fdd5b22ff793571fa803ae16852a6975c65e8e70
  languageName: node
  linkType: hard

"fast-deep-equal@npm:^3.1.1":
  version: 3.1.3
  resolution: "fast-deep-equal@npm:3.1.3"
  checksum: e21a9d8d84f53493b6aa15efc9cfd53dd5b714a1f23f67fb5dc8f574af80df889b3bce25dc081887c6d25457cce704e636395333abad896ccdec03abaf1f3f9d
  languageName: node
  linkType: hard

"fast-json-stable-stringify@npm:^2.0.0":
  version: 2.1.0
  resolution: "fast-json-stable-stringify@npm:2.1.0"
  checksum: b191531e36c607977e5b1c47811158733c34ccb3bfde92c44798929e9b4154884378536d26ad90dfecd32e1ffc09c545d23535ad91b3161a27ddbb8ebe0cbecb
  languageName: node
  linkType: hard

"file-loader@npm:^6.0.0":
  version: 6.2.0
  resolution: "file-loader@npm:6.2.0"
  dependencies:
    loader-utils: ^2.0.0
    schema-utils: ^3.0.0
  peerDependencies:
    webpack: ^4.0.0 || ^5.0.0
  checksum: faf43eecf233f4897b0150aaa874eeeac214e4f9de49738a9e0ef734a30b5260059e85b7edadf852b98e415f875bd5f12587768a93fd52aaf2e479ecf95fab20
  languageName: node
  linkType: hard

"history@npm:^4.9.0":
  version: 4.10.1
  resolution: "history@npm:4.10.1"
  dependencies:
    "@babel/runtime": ^7.1.2
    loose-envify: ^1.2.0
    resolve-pathname: ^3.0.0
    tiny-invariant: ^1.0.2
    tiny-warning: ^1.0.0
    value-equal: ^1.0.1
  checksum: addd84bc4683929bae4400419b5af132ff4e4e9b311a0d4e224579ea8e184a6b80d7f72c55927e4fa117f69076a9e47ce082d8d0b422f1a9ddac7991490ca1d0
  languageName: node
  linkType: hard

"hoist-non-react-statics@npm:^3.1.0":
  version: 3.3.2
  resolution: "hoist-non-react-statics@npm:3.3.2"
  dependencies:
    react-is: ^16.7.0
  checksum: b1538270429b13901ee586aa44f4cc3ecd8831c061d06cb8322e50ea17b3f5ce4d0e2e66394761e6c8e152cd8c34fb3b4b690116c6ce2bd45b18c746516cb9e8
  languageName: node
  linkType: hard

"isarray@npm:0.0.1":
  version: 0.0.1
  resolution: "isarray@npm:0.0.1"
  checksum: 49191f1425681df4a18c2f0f93db3adb85573bcdd6a4482539d98eac9e705d8961317b01175627e860516a2fc45f8f9302db26e5a380a97a520e272e2a40a8d4
  languageName: node
  linkType: hard

"js-tokens@npm:^3.0.0 || ^4.0.0":
  version: 4.0.0
  resolution: "js-tokens@npm:4.0.0"
  checksum: 8a95213a5a77deb6cbe94d86340e8d9ace2b93bc367790b260101d2f36a2eaf4e4e22d9fa9cf459b38af3a32fb4190e638024cf82ec95ef708680e405ea7cc78
  languageName: node
  linkType: hard

"json-schema-traverse@npm:^0.4.1":
  version: 0.4.1
  resolution: "json-schema-traverse@npm:0.4.1"
  checksum: 7486074d3ba247769fda17d5181b345c9fb7d12e0da98b22d1d71a5db9698d8b4bd900a3ec1a4ffdd60846fc2556274a5c894d0c48795f14cb03aeae7b55260b
  languageName: node
  linkType: hard

"json5@npm:^2.1.2":
  version: 2.2.0
  resolution: "json5@npm:2.2.0"
  dependencies:
    minimist: ^1.2.5
  bin:
    json5: lib/cli.js
  checksum: e88fc5274bb58fc99547baa777886b069d2dd96d9cfc4490b305fd16d711dabd5979e35a4f90873cefbeb552e216b041a304fe56702bedba76e19bc7845f208d
  languageName: node
  linkType: hard

"loader-utils@npm:^2.0.0":
  version: 2.0.0
  resolution: "loader-utils@npm:2.0.0"
  dependencies:
    big.js: ^5.2.2
    emojis-list: ^3.0.0
    json5: ^2.1.2
  checksum: 6856423131b50b6f5f259da36f498cfd7fc3c3f8bb17777cf87fdd9159e797d4ba4288d9a96415fd8da62c2906960e88f74711dee72d03a9003bddcd0d364a51
  languageName: node
  linkType: hard

"loose-envify@npm:^1.2.0, loose-envify@npm:^1.3.1, loose-envify@npm:^1.4.0":
  version: 1.4.0
  resolution: "loose-envify@npm:1.4.0"
  dependencies:
    js-tokens: ^3.0.0 || ^4.0.0
  bin:
    loose-envify: cli.js
  checksum: 6517e24e0cad87ec9888f500c5b5947032cdfe6ef65e1c1936a0c48a524b81e65542c9c3edc91c97d5bddc806ee2a985dbc79be89215d613b1de5db6d1cfe6f4
  languageName: node
  linkType: hard

"make-cancellable-promise@npm:^1.0.0":
  version: 1.1.0
  resolution: "make-cancellable-promise@npm:1.1.0"
  checksum: e036fa6164acb52b0e6298c4d5f4e0ba887e4c96de15ef1e316fcc8374995c29543e8a3ea48d38e1c2c767e985c8869c744774af5881700a90d21128b7535a68
  languageName: node
  linkType: hard

"make-event-props@npm:^1.1.0":
  version: 1.3.0
  resolution: "make-event-props@npm:1.3.0"
  checksum: 92b8845f63a25fc7da80ed2a5cc5055fba30066b83ad88e4f8c090cd99ae53a13297156df0bd0487d340507994362deaed5580266f73dfe142dc46163b5b8a6a
  languageName: node
  linkType: hard

"merge-class-names@npm:^1.1.1":
  version: 1.4.2
  resolution: "merge-class-names@npm:1.4.2"
  checksum: 569c333ab0d7fa1e06ae6e637d58e0d4623d7b165ea78d085c1bbd042568d8793bb7ce54ec55580679416046b11fc6eaf4956d68d19964cb320edc034e182c1d
  languageName: node
  linkType: hard

"merge-refs@npm:^1.0.0":
  version: 1.0.0
  resolution: "merge-refs@npm:1.0.0"
  checksum: 3b4ea1a178c52349a0e725281aa34b130fb6819d22f8e616ae30da6f4da223d9c3a53f6e1a427c5ba56bf6b162c98de95a53f76e01a343e10162823fee33f64a
  languageName: node
  linkType: hard

"mini-create-react-context@npm:^0.4.0":
  version: 0.4.1
  resolution: "mini-create-react-context@npm:0.4.1"
  dependencies:
    "@babel/runtime": ^7.12.1
    tiny-warning: ^1.0.3
  peerDependencies:
    prop-types: ^15.0.0
    react: ^0.14.0 || ^15.0.0 || ^16.0.0 || ^17.0.0
  checksum: f8cb2c7738aac355fe9ce7e8425f371b7fa90daddd5133edda4ccfdc18c49043b2ec04be6f3abf09b60a0f52549d54f158d5bfd81cdfb1a658531e5b9fe7bc6a
  languageName: node
  linkType: hard

"minimist@npm:^1.2.5":
  version: 1.2.5
  resolution: "minimist@npm:1.2.5"
  checksum: 86706ce5b36c16bfc35c5fe3dbb01d5acdc9a22f2b6cc810b6680656a1d2c0e44a0159c9a3ba51fb072bb5c203e49e10b51dcd0eec39c481f4c42086719bae52
  languageName: node
  linkType: hard

"object-assign@npm:^4, object-assign@npm:^4.1.1":
  version: 4.1.1
  resolution: "object-assign@npm:4.1.1"
  checksum: fcc6e4ea8c7fe48abfbb552578b1c53e0d194086e2e6bbbf59e0a536381a292f39943c6e9628af05b5528aa5e3318bb30d6b2e53cadaf5b8fe9e12c4b69af23f
  languageName: node
  linkType: hard

"path-to-regexp@npm:^1.7.0":
  version: 1.8.0
  resolution: "path-to-regexp@npm:1.8.0"
  dependencies:
    isarray: 0.0.1
  checksum: 709f6f083c0552514ef4780cb2e7e4cf49b0cc89a97439f2b7cc69a608982b7690fb5d1720a7473a59806508fc2dae0be751ba49f495ecf89fd8fbc62abccbcd
  languageName: node
  linkType: hard

"pdfjs-dist@npm:2.9.359":
  version: 2.9.359
  resolution: "pdfjs-dist@npm:2.9.359"
  peerDependencies:
    worker-loader: ^3.0.7
  checksum: 4f11955df7949068619e51f52a71f5092e85fda4a56231718612ac802d10afa1587c070a8b4c11808669df2cc793b114a290b75f4b36663667a8d2f71b6ccd1a
  languageName: node
  linkType: hard

"phase-4-deploying-app-demo@workspace:.":
  version: 0.0.0-use.local
  resolution: "phase-4-deploying-app-demo@workspace:."
  dependencies:
    bootstrap: ^5.1.1
    cors: ^2.8.5
    react-pdf: ^5.4.0
    react-router-dom: ^5.3.0
  languageName: unknown
  linkType: soft

"prop-types@npm:^15.6.2":
  version: 15.7.2
  resolution: "prop-types@npm:15.7.2"
  dependencies:
    loose-envify: ^1.4.0
    object-assign: ^4.1.1
    react-is: ^16.8.1
  checksum: 5eef82fdda64252c7e75aa5c8cc28a24bbdece0f540adb60ce67c205cf978a5bd56b83e4f269f91c6e4dcfd80b36f2a2dec24d362e278913db2086ca9c6f9430
  languageName: node
  linkType: hard

"punycode@npm:^2.1.0":
  version: 2.1.1
  resolution: "punycode@npm:2.1.1"
  checksum: 823bf443c6dd14f669984dea25757b37993f67e8d94698996064035edd43bed8a5a17a9f12e439c2b35df1078c6bec05a6c86e336209eb1061e8025c481168e8
  languageName: node
  linkType: hard

"react-is@npm:^16.6.0, react-is@npm:^16.7.0, react-is@npm:^16.8.1":
  version: 16.13.1
  resolution: "react-is@npm:16.13.1"
  checksum: f7a19ac3496de32ca9ae12aa030f00f14a3d45374f1ceca0af707c831b2a6098ef0d6bdae51bd437b0a306d7f01d4677fcc8de7c0d331eb47ad0f46130e53c5f
  languageName: node
  linkType: hard

"react-pdf@npm:^5.4.0":
  version: 5.4.0
  resolution: "react-pdf@npm:5.4.0"
  dependencies:
    "@babel/runtime": ^7.0.0
    file-loader: ^6.0.0
    make-cancellable-promise: ^1.0.0
    make-event-props: ^1.1.0
    merge-class-names: ^1.1.1
    merge-refs: ^1.0.0
    pdfjs-dist: 2.9.359
    prop-types: ^15.6.2
  peerDependencies:
    react: ^16.3.0 || ^17.0.0-0
    react-dom: ^16.3.0 || ^17.0.0-0
  checksum: a0ddcad0e2ffd1689c20aa0f1f01efac93e270587d575e7e370655e944d1d704cbea512f312f1802c698bf683a58492f66c614d0f345c03d5df51812845694d2
  languageName: node
  linkType: hard

"react-router-dom@npm:^5.3.0":
  version: 5.3.0
  resolution: "react-router-dom@npm:5.3.0"
  dependencies:
    "@babel/runtime": ^7.12.13
    history: ^4.9.0
    loose-envify: ^1.3.1
    prop-types: ^15.6.2
    react-router: 5.2.1
    tiny-invariant: ^1.0.2
    tiny-warning: ^1.0.0
  peerDependencies:
    react: ">=15"
  checksum: 47584fd629ecca52398d7888cab193b8a74057cc99a7ef44410c405d4082f618c3c0399db5325bc3524f9c511404086169570013b61a94dfa6acdfdc850d7a1f
  languageName: node
  linkType: hard

"react-router@npm:5.2.1":
  version: 5.2.1
  resolution: "react-router@npm:5.2.1"
  dependencies:
    "@babel/runtime": ^7.12.13
    history: ^4.9.0
    hoist-non-react-statics: ^3.1.0
    loose-envify: ^1.3.1
    mini-create-react-context: ^0.4.0
    path-to-regexp: ^1.7.0
    prop-types: ^15.6.2
    react-is: ^16.6.0
    tiny-invariant: ^1.0.2
    tiny-warning: ^1.0.0
  peerDependencies:
    react: ">=15"
  checksum: 7daae084bf64531eb619cc5f4cc40ce5ae0a541b64f71d74ec71a38cbf6130ebdbb7cf38f157303fad5846deec259401f96c4d6c7386466dcc989719e01f9aaa
  languageName: node
  linkType: hard

"regenerator-runtime@npm:^0.13.4":
  version: 0.13.9
  resolution: "regenerator-runtime@npm:0.13.9"
  checksum: 65ed455fe5afd799e2897baf691ca21c2772e1a969d19bb0c4695757c2d96249eb74ee3553ea34a91062b2a676beedf630b4c1551cc6299afb937be1426ec55e
  languageName: node
  linkType: hard

"resolve-pathname@npm:^3.0.0":
  version: 3.0.0
  resolution: "resolve-pathname@npm:3.0.0"
  checksum: 6147241ba42c423dbe83cb067a2b4af4f60908c3af57e1ea567729cc71416c089737fe2a73e9e79e7a60f00f66c91e4b45ad0d37cd4be2d43fec44963ef14368
  languageName: node
  linkType: hard

"schema-utils@npm:^3.0.0":
  version: 3.1.1
  resolution: "schema-utils@npm:3.1.1"
  dependencies:
    "@types/json-schema": ^7.0.8
    ajv: ^6.12.5
    ajv-keywords: ^3.5.2
  checksum: fb73f3d759d43ba033c877628fe9751620a26879f6301d3dbeeb48cf2a65baec5cdf99da65d1bf3b4ff5444b2e59cbe4f81c2456b5e0d2ba7d7fd4aed5da29ce
  languageName: node
  linkType: hard

"tiny-invariant@npm:^1.0.2":
  version: 1.1.0
  resolution: "tiny-invariant@npm:1.1.0"
  checksum: 27d29bbb9e1d1d86e25766711c28ad91af6d67c87d561167077ac7fbce5212b97bbfe875e70bc369808e075748c825864c9b61f0e9f8652275ec86bcf4dcc924
  languageName: node
  linkType: hard

"tiny-warning@npm:^1.0.0, tiny-warning@npm:^1.0.3":
  version: 1.0.3
  resolution: "tiny-warning@npm:1.0.3"
  checksum: da62c4acac565902f0624b123eed6dd3509bc9a8d30c06e017104bedcf5d35810da8ff72864400ad19c5c7806fc0a8323c68baf3e326af7cb7d969f846100d71
  languageName: node
  linkType: hard

"uri-js@npm:^4.2.2":
  version: 4.4.1
  resolution: "uri-js@npm:4.4.1"
  dependencies:
    punycode: ^2.1.0
  checksum: 7167432de6817fe8e9e0c9684f1d2de2bb688c94388f7569f7dbdb1587c9f4ca2a77962f134ec90be0cc4d004c939ff0d05acc9f34a0db39a3c797dada262633
  languageName: node
  linkType: hard

"value-equal@npm:^1.0.1":
  version: 1.0.1
  resolution: "value-equal@npm:1.0.1"
  checksum: bb7ae1facc76b5cf8071aeb6c13d284d023fdb370478d10a5d64508e0e6e53bb459c4bbe34258df29d82e6f561f874f0105eba38de0e61fe9edd0bdce07a77a2
  languageName: node
  linkType: hard

"vary@npm:^1":
  version: 1.1.2
  resolution: "vary@npm:1.1.2"
  checksum: ae0123222c6df65b437669d63dfa8c36cee20a504101b2fcd97b8bf76f91259c17f9f2b4d70a1e3c6bbcee7f51b28392833adb6b2770b23b01abec84e369660b
  languageName: node
  linkType: hard
